// !$*UTF8*$!
{
	archiveVersion = 1;
	classes = {
	};
	objectVersion = 56;
	objects = {

/* Begin PBXBuildFile section */
		426B01582A9E3888003C2B44 /* AppDelegate.swift in Sources */ = {isa = PBXBuildFile; fileRef = 426B01572A9E3888003C2B44 /* AppDelegate.swift */; };
		426B015A2A9E3888003C2B44 /* SceneDelegate.swift in Sources */ = {isa = PBXBuildFile; fileRef = 426B01592A9E3888003C2B44 /* SceneDelegate.swift */; };
		426B015C2A9E3888003C2B44 /* ViewController.swift in Sources */ = {isa = PBXBuildFile; fileRef = 426B015B2A9E3888003C2B44 /* ViewController.swift */; };
		426B015F2A9E3888003C2B44 /* Main.storyboard in Resources */ = {isa = PBXBuildFile; fileRef = 426B015D2A9E3888003C2B44 /* Main.storyboard */; };
		426B01622A9E3888003C2B44 /* getInfoNotesHuseby.xcdatamodeld in Sources */ = {isa = PBXBuildFile; fileRef = 426B01602A9E3888003C2B44 /* getInfoNotesHuseby.xcdatamodeld */; };
		426B01642A9E388A003C2B44 /* Assets.xcassets in Resources */ = {isa = PBXBuildFile; fileRef = 426B01632A9E388A003C2B44 /* Assets.xcassets */; };
		426B01672A9E388A003C2B44 /* LaunchScreen.storyboard in Resources */ = {isa = PBXBuildFile; fileRef = 426B01652A9E388A003C2B44 /* LaunchScreen.storyboard */; };
		426B01722A9E388A003C2B44 /* getInfoNotesHusebyTests.swift in Sources */ = {isa = PBXBuildFile; fileRef = 426B01712A9E388A003C2B44 /* getInfoNotesHusebyTests.swift */; };
		426B017C2A9E388A003C2B44 /* getInfoNotesHusebyUITests.swift in Sources */ = {isa = PBXBuildFile; fileRef = 426B017B2A9E388A003C2B44 /* getInfoNotesHusebyUITests.swift */; };
		426B017E2A9E388A003C2B44 /* getInfoNotesHusebyUITestsLaunchTests.swift in Sources */ = {isa = PBXBuildFile; fileRef = 426B017D2A9E388A003C2B44 /* getInfoNotesHusebyUITestsLaunchTests.swift */; };
/* End PBXBuildFile section */

/* Begin PBXContainerItemProxy section */
		426B016E2A9E388A003C2B44 /* PBXContainerItemProxy */ = {
			isa = PBXContainerItemProxy;
			containerPortal = 426B014C2A9E3888003C2B44 /* Project object */;
			proxyType = 1;
			remoteGlobalIDString = 426B01532A9E3888003C2B44;
			remoteInfo = getInfoNotesHuseby;
		};
		426B01782A9E388A003C2B44 /* PBXContainerItemProxy */ = {
			isa = PBXContainerItemProxy;
			containerPortal = 426B014C2A9E3888003C2B44 /* Project object */;
			proxyType = 1;
			remoteGlobalIDString = 426B01532A9E3888003C2B44;
			remoteInfo = getInfoNotesHuseby;
		};
/* End PBXContainerItemProxy section */

/* Begin PBXFileReference section */
		426B01542A9E3888003C2B44 /* getInfoNotesHuseby.app */ = {isa = PBXFileReference; explicitFileType = wrapper.application; includeInIndex = 0; path = getInfoNotesHuseby.app; sourceTree = BUILT_PRODUCTS_DIR; };
		426B01572A9E3888003C2B44 /* AppDelegate.swift */ = {isa = PBXFileReference; lastKnownFileType = sourcecode.swift; path = AppDelegate.swift; sourceTree = "<group>"; };
		426B01592A9E3888003C2B44 /* SceneDelegate.swift */ = {isa = PBXFileReference; lastKnownFileType = sourcecode.swift; path = SceneDelegate.swift; sourceTree = "<group>"; };
		426B015B2A9E3888003C2B44 /* ViewController.swift */ = {isa = PBXFileReference; lastKnownFileType = sourcecode.swift; path = ViewController.swift; sourceTree = "<group>"; };
		426B015E2A9E3888003C2B44 /* Base */ = {isa = PBXFileReference; lastKnownFileType = file.storyboard; name = Base; path = Base.lproj/Main.storyboard; sourceTree = "<group>"; };
		426B01612A9E3888003C2B44 /* getInfoNotesHuseby.xcdatamodel */ = {isa = PBXFileReference; lastKnownFileType = wrapper.xcdatamodel; path = getInfoNotesHuseby.xcdatamodel; sourceTree = "<group>"; };
		426B01632A9E388A003C2B44 /* Assets.xcassets */ = {isa = PBXFileReference; lastKnownFileType = folder.assetcatalog; path = Assets.xcassets; sourceTree = "<group>"; };
		426B01662A9E388A003C2B44 /* Base */ = {isa = PBXFileReference; lastKnownFileType = file.storyboard; name = Base; path = Base.lproj/LaunchScreen.storyboard; sourceTree = "<group>"; };
		426B01682A9E388A003C2B44 /* Info.plist */ = {isa = PBXFileReference; lastKnownFileType = text.plist.xml; path = Info.plist; sourceTree = "<group>"; };
		426B016D2A9E388A003C2B44 /* getInfoNotesHusebyTests.xctest */ = {isa = PBXFileReference; explicitFileType = wrapper.cfbundle; includeInIndex = 0; path = getInfoNotesHusebyTests.xctest; sourceTree = BUILT_PRODUCTS_DIR; };
		426B01712A9E388A003C2B44 /* getInfoNotesHusebyTests.swift */ = {isa = PBXFileReference; lastKnownFileType = sourcecode.swift; path = getInfoNotesHusebyTests.swift; sourceTree = "<group>"; };
		426B01772A9E388A003C2B44 /* getInfoNotesHusebyUITests.xctest */ = {isa = PBXFileReference; explicitFileType = wrapper.cfbundle; includeInIndex = 0; path = getInfoNotesHusebyUITests.xctest; sourceTree = BUILT_PRODUCTS_DIR; };
		426B017B2A9E388A003C2B44 /* getInfoNotesHusebyUITests.swift */ = {isa = PBXFileReference; lastKnownFileType = sourcecode.swift; path = getInfoNotesHusebyUITests.swift; sourceTree = "<group>"; };
		426B017D2A9E388A003C2B44 /* getInfoNotesHusebyUITestsLaunchTests.swift */ = {isa = PBXFileReference; lastKnownFileType = sourcecode.swift; path = getInfoNotesHusebyUITestsLaunchTests.swift; sourceTree = "<group>"; };
/* End PBXFileReference section */

/* Begin PBXFrameworksBuildPhase section */
		426B01512A9E3888003C2B44 /* Frameworks */ = {
			isa = PBXFrameworksBuildPhase;
			buildActionMask = 2147483647;
			files = (
			);
			runOnlyForDeploymentPostprocessing = 0;
		};
		426B016A2A9E388A003C2B44 /* Frameworks */ = {
			isa = PBXFrameworksBuildPhase;
			buildActionMask = 2147483647;
			files = (
			);
			runOnlyForDeploymentPostprocessing = 0;
		};
		426B01742A9E388A003C2B44 /* Frameworks */ = {
			isa = PBXFrameworksBuildPhase;
			buildActionMask = 2147483647;
			files = (
			);
			runOnlyForDeploymentPostprocessing = 0;
		};
/* End PBXFrameworksBuildPhase section */

/* Begin PBXGroup section */
		426B014B2A9E3888003C2B44 = {
			isa = PBXGroup;
			children = (
				426B01562A9E3888003C2B44 /* getInfoNotesHuseby */,
				426B01702A9E388A003C2B44 /* getInfoNotesHusebyTests */,
				426B017A2A9E388A003C2B44 /* getInfoNotesHusebyUITests */,
				426B01552A9E3888003C2B44 /* Products */,
			);
			sourceTree = "<group>";
		};
		426B01552A9E3888003C2B44 /* Products */ = {
			isa = PBXGroup;
			children = (
				426B01542A9E3888003C2B44 /* getInfoNotesHuseby.app */,
				426B016D2A9E388A003C2B44 /* getInfoNotesHusebyTests.xctest */,
				426B01772A9E388A003C2B44 /* getInfoNotesHusebyUITests.xctest */,
			);
			name = Products;
			sourceTree = "<group>";
		};
		426B01562A9E3888003C2B44 /* getInfoNotesHuseby */ = {
			isa = PBXGroup;
			children = (
				426B01572A9E3888003C2B44 /* AppDelegate.swift */,
				426B01592A9E3888003C2B44 /* SceneDelegate.swift */,
				426B015B2A9E3888003C2B44 /* ViewController.swift */,
				426B015D2A9E3888003C2B44 /* Main.storyboard */,
				426B01632A9E388A003C2B44 /* Assets.xcassets */,
				426B01652A9E388A003C2B44 /* LaunchScreen.storyboard */,
				426B01682A9E388A003C2B44 /* Info.plist */,
				426B01602A9E3888003C2B44 /* getInfoNotesHuseby.xcdatamodeld */,
			);
			path = getInfoNotesHuseby;
			sourceTree = "<group>";
		};
		426B01702A9E388A003C2B44 /* getInfoNotesHusebyTests */ = {
			isa = PBXGroup;
			children = (
				426B01712A9E388A003C2B44 /* getInfoNotesHusebyTests.swift */,
			);
			path = getInfoNotesHusebyTests;
			sourceTree = "<group>";
		};
		426B017A2A9E388A003C2B44 /* getInfoNotesHusebyUITests */ = {
			isa = PBXGroup;
			children = (
				426B017B2A9E388A003C2B44 /* getInfoNotesHusebyUITests.swift */,
				426B017D2A9E388A003C2B44 /* getInfoNotesHusebyUITestsLaunchTests.swift */,
			);
			path = getInfoNotesHusebyUITests;
			sourceTree = "<group>";
		};
/* End PBXGroup section */

/* Begin PBXNativeTarget section */
		426B01532A9E3888003C2B44 /* getInfoNotesHuseby */ = {
			isa = PBXNativeTarget;
			buildConfigurationList = 426B01812A9E388A003C2B44 /* Build configuration list for PBXNativeTarget "getInfoNotesHuseby" */;
			buildPhases = (
				426B01502A9E3888003C2B44 /* Sources */,
				426B01512A9E3888003C2B44 /* Frameworks */,
				426B01522A9E3888003C2B44 /* Resources */,
			);
			buildRules = (
			);
			dependencies = (
			);
			name = getInfoNotesHuseby;
			productName = getInfoNotesHuseby;
			productReference = 426B01542A9E3888003C2B44 /* getInfoNotesHuseby.app */;
			productType = "com.apple.product-type.application";
		};
		426B016C2A9E388A003C2B44 /* getInfoNotesHusebyTests */ = {
			isa = PBXNativeTarget;
			buildConfigurationList = 426B01842A9E388A003C2B44 /* Build configuration list for PBXNativeTarget "getInfoNotesHusebyTests" */;
			buildPhases = (
				426B01692A9E388A003C2B44 /* Sources */,
				426B016A2A9E388A003C2B44 /* Frameworks */,
				426B016B2A9E388A003C2B44 /* Resources */,
			);
			buildRules = (
			);
			dependencies = (
				426B016F2A9E388A003C2B44 /* PBXTargetDependency */,
			);
			name = getInfoNotesHusebyTests;
			productName = getInfoNotesHusebyTests;
			productReference = 426B016D2A9E388A003C2B44 /* getInfoNotesHusebyTests.xctest */;
			productType = "com.apple.product-type.bundle.unit-test";
		};
		426B01762A9E388A003C2B44 /* getInfoNotesHusebyUITests */ = {
			isa = PBXNativeTarget;
			buildConfigurationList = 426B01872A9E388A003C2B44 /* Build configuration list for PBXNativeTarget "getInfoNotesHusebyUITests" */;
			buildPhases = (
				426B01732A9E388A003C2B44 /* Sources */,
				426B01742A9E388A003C2B44 /* Frameworks */,
				426B01752A9E388A003C2B44 /* Resources */,
			);
			buildRules = (
			);
			dependencies = (
				426B01792A9E388A003C2B44 /* PBXTargetDependency */,
			);
			name = getInfoNotesHusebyUITests;
			productName = getInfoNotesHusebyUITests;
			productReference = 426B01772A9E388A003C2B44 /* getInfoNotesHusebyUITests.xctest */;
			productType = "com.apple.product-type.bundle.ui-testing";
		};
/* End PBXNativeTarget section */

/* Begin PBXProject section */
		426B014C2A9E3888003C2B44 /* Project object */ = {
			isa = PBXProject;
			attributes = {
				BuildIndependentTargetsInParallel = 1;
				LastSwiftUpdateCheck = 1430;
				LastUpgradeCheck = 1430;
				TargetAttributes = {
					426B01532A9E3888003C2B44 = {
						CreatedOnToolsVersion = 14.3.1;
					};
					426B016C2A9E388A003C2B44 = {
						CreatedOnToolsVersion = 14.3.1;
						TestTargetID = 426B01532A9E3888003C2B44;
					};
					426B01762A9E388A003C2B44 = {
						CreatedOnToolsVersion = 14.3.1;
						TestTargetID = 426B01532A9E3888003C2B44;
					};
				};
			};
			buildConfigurationList = 426B014F2A9E3888003C2B44 /* Build configuration list for PBXProject "getInfoNotesHuseby" */;
			compatibilityVersion = "Xcode 14.0";
			developmentRegion = en;
			hasScannedForEncodings = 0;
			knownRegions = (
				en,
				Base,
			);
			mainGroup = 426B014B2A9E3888003C2B44;
			productRefGroup = 426B01552A9E3888003C2B44 /* Products */;
			projectDirPath = "";
			projectRoot = "";
			targets = (
				426B01532A9E3888003C2B44 /* getInfoNotesHuseby */,
				426B016C2A9E388A003C2B44 /* getInfoNotesHusebyTests */,
				426B01762A9E388A003C2B44 /* getInfoNotesHusebyUITests */,
			);
		};
/* End PBXProject section */

/* Begin PBXResourcesBuildPhase section */
		426B01522A9E3888003C2B44 /* Resources */ = {
			isa = PBXResourcesBuildPhase;
			buildActionMask = 2147483647;
			files = (
				426B01672A9E388A003C2B44 /* LaunchScreen.storyboard in Resources */,
				426B01642A9E388A003C2B44 /* Assets.xcassets in Resources */,
				426B015F2A9E3888003C2B44 /* Main.storyboard in Resources */,
			);
			runOnlyForDeploymentPostprocessing = 0;
		};
		426B016B2A9E388A003C2B44 /* Resources */ = {
			isa = PBXResourcesBuildPhase;
			buildActionMask = 2147483647;
			files = (
			);
			runOnlyForDeploymentPostprocessing = 0;
		};
		426B01752A9E388A003C2B44 /* Resources */ = {
			isa = PBXResourcesBuildPhase;
			buildActionMask = 2147483647;
			files = (
			);
			runOnlyForDeploymentPostprocessing = 0;
		};
/* End PBXResourcesBuildPhase section */

/* Begin PBXSourcesBuildPhase section */
		426B01502A9E3888003C2B44 /* Sources */ = {
			isa = PBXSourcesBuildPhase;
			buildActionMask = 2147483647;
			files = (
				426B01622A9E3888003C2B44 /* getInfoNotesHuseby.xcdatamodeld in Sources */,
				426B015C2A9E3888003C2B44 /* ViewController.swift in Sources */,
				426B01582A9E3888003C2B44 /* AppDelegate.swift in Sources */,
				426B015A2A9E3888003C2B44 /* SceneDelegate.swift in Sources */,
			);
			runOnlyForDeploymentPostprocessing = 0;
		};
		426B01692A9E388A003C2B44 /* Sources */ = {
			isa = PBXSourcesBuildPhase;
			buildActionMask = 2147483647;
			files = (
				426B01722A9E388A003C2B44 /* getInfoNotesHusebyTests.swift in Sources */,
			);
			runOnlyForDeploymentPostprocessing = 0;
		};
		426B01732A9E388A003C2B44 /* Sources */ = {
			isa = PBXSourcesBuildPhase;
			buildActionMask = 2147483647;
			files = (
				426B017C2A9E388A003C2B44 /* getInfoNotesHusebyUITests.swift in Sources */,
				426B017E2A9E388A003C2B44 /* getInfoNotesHusebyUITestsLaunchTests.swift in Sources */,
			);
			runOnlyForDeploymentPostprocessing = 0;
		};
/* End PBXSourcesBuildPhase section */

/* Begin PBXTargetDependency section */
		426B016F2A9E388A003C2B44 /* PBXTargetDependency */ = {
			isa = PBXTargetDependency;
			target = 426B01532A9E3888003C2B44 /* getInfoNotesHuseby */;
			targetProxy = 426B016E2A9E388A003C2B44 /* PBXContainerItemProxy */;
		};
		426B01792A9E388A003C2B44 /* PBXTargetDependency */ = {
			isa = PBXTargetDependency;
			target = 426B01532A9E3888003C2B44 /* getInfoNotesHuseby */;
			targetProxy = 426B01782A9E388A003C2B44 /* PBXContainerItemProxy */;
		};
/* End PBXTargetDependency section */

/* Begin PBXVariantGroup section */
		426B015D2A9E3888003C2B44 /* Main.storyboard */ = {
			isa = PBXVariantGroup;
			children = (
				426B015E2A9E3888003C2B44 /* Base */,
			);
			name = Main.storyboard;
			sourceTree = "<group>";
		};
		426B01652A9E388A003C2B44 /* LaunchScreen.storyboard */ = {
			isa = PBXVariantGroup;
			children = (
				426B01662A9E388A003C2B44 /* Base */,
			);
			name = LaunchScreen.storyboard;
			sourceTree = "<group>";
		};
/* End PBXVariantGroup section */

/* Begin XCBuildConfiguration section */
		426B017F2A9E388A003C2B44 /* Debug */ = {
			isa = XCBuildConfiguration;
			buildSettings = {
				ALWAYS_SEARCH_USER_PATHS = NO;
				CLANG_ANALYZER_NONNULL = YES;
				CLANG_ANALYZER_NUMBER_OBJECT_CONVERSION = YES_AGGRESSIVE;
				CLANG_CXX_LANGUAGE_STANDARD = "gnu++20";
				CLANG_ENABLE_MODULES = YES;
				CLANG_ENABLE_OBJC_ARC = YES;
				CLANG_ENABLE_OBJC_WEAK = YES;
				CLANG_WARN_BLOCK_CAPTURE_AUTORELEASING = YES;
				CLANG_WARN_BOOL_CONVERSION = YES;
				CLANG_WARN_COMMA = YES;
				CLANG_WARN_CONSTANT_CONVERSION = YES;
				CLANG_WARN_DEPRECATED_OBJC_IMPLEMENTATIONS = YES;
				CLANG_WARN_DIRECT_OBJC_ISA_USAGE = YES_ERROR;
				CLANG_WARN_DOCUMENTATION_COMMENTS = YES;
				CLANG_WARN_EMPTY_BODY = YES;
				CLANG_WARN_ENUM_CONVERSION = YES;
				CLANG_WARN_INFINITE_RECURSION = YES;
				CLANG_WARN_INT_CONVERSION = YES;
				CLANG_WARN_NON_LITERAL_NULL_CONVERSION = YES;
				CLANG_WARN_OBJC_IMPLICIT_RETAIN_SELF = YES;
				CLANG_WARN_OBJC_LITERAL_CONVERSION = YES;
				CLANG_WARN_OBJC_ROOT_CLASS = YES_ERROR;
				CLANG_WARN_QUOTED_INCLUDE_IN_FRAMEWORK_HEADER = YES;
				CLANG_WARN_RANGE_LOOP_ANALYSIS = YES;
				CLANG_WARN_STRICT_PROTOTYPES = YES;
				CLANG_WARN_SUSPICIOUS_MOVE = YES;
				CLANG_WARN_UNGUARDED_AVAILABILITY = YES_AGGRESSIVE;
				CLANG_WARN_UNREACHABLE_CODE = YES;
				CLANG_WARN__DUPLICATE_METHOD_MATCH = YES;
				COPY_PHASE_STRIP = NO;
				DEBUG_INFORMATION_FORMAT = dwarf;
				ENABLE_STRICT_OBJC_MSGSEND = YES;
				ENABLE_TESTABILITY = YES;
				GCC_C_LANGUAGE_STANDARD = gnu11;
				GCC_DYNAMIC_NO_PIC = NO;
				GCC_NO_COMMON_BLOCKS = YES;
				GCC_OPTIMIZATION_LEVEL = 0;
				GCC_PREPROCESSOR_DEFINITIONS = (
					"DEBUG=1",
					"$(inherited)",
				);
				GCC_WARN_64_TO_32_BIT_CONVERSION = YES;
				GCC_WARN_ABOUT_RETURN_TYPE = YES_ERROR;
				GCC_WARN_UNDECLARED_SELECTOR = YES;
				GCC_WARN_UNINITIALIZED_AUTOS = YES_AGGRESSIVE;
				GCC_WARN_UNUSED_FUNCTION = YES;
				GCC_WARN_UNUSED_VARIABLE = YES;
				IPHONEOS_DEPLOYMENT_TARGET = 16.4;
				MTL_ENABLE_DEBUG_INFO = INCLUDE_SOURCE;
				MTL_FAST_MATH = YES;
				ONLY_ACTIVE_ARCH = YES;
				SDKROOT = iphoneos;
				SWIFT_ACTIVE_COMPILATION_CONDITIONS = DEBUG;
				SWIFT_OPTIMIZATION_LEVEL = "-Onone";
			};
			name = Debug;
		};
		426B01802A9E388A003C2B44 /* Release */ = {
			isa = XCBuildConfiguration;
			buildSettings = {
				ALWAYS_SEARCH_USER_PATHS = NO;
				CLANG_ANALYZER_NONNULL = YES;
				CLANG_ANALYZER_NUMBER_OBJECT_CONVERSION = YES_AGGRESSIVE;
				CLANG_CXX_LANGUAGE_STANDARD = "gnu++20";
				CLANG_ENABLE_MODULES = YES;
				CLANG_ENABLE_OBJC_ARC = YES;
				CLANG_ENABLE_OBJC_WEAK = YES;
				CLANG_WARN_BLOCK_CAPTURE_AUTORELEASING = YES;
				CLANG_WARN_BOOL_CONVERSION = YES;
				CLANG_WARN_COMMA = YES;
				CLANG_WARN_CONSTANT_CONVERSION = YES;
				CLANG_WARN_DEPRECATED_OBJC_IMPLEMENTATIONS = YES;
				CLANG_WARN_DIRECT_OBJC_ISA_USAGE = YES_ERROR;
				CLANG_WARN_DOCUMENTATION_COMMENTS = YES;
				CLANG_WARN_EMPTY_BODY = YES;
				CLANG_WARN_ENUM_CONVERSION = YES;
				CLANG_WARN_INFINITE_RECURSION = YES;
				CLANG_WARN_INT_CONVERSION = YES;
				CLANG_WARN_NON_LITERAL_NULL_CONVERSION = YES;
				CLANG_WARN_OBJC_IMPLICIT_RETAIN_SELF = YES;
				CLANG_WARN_OBJC_LITERAL_CONVERSION = YES;
				CLANG_WARN_OBJC_ROOT_CLASS = YES_ERROR;
				CLANG_WARN_QUOTED_INCLUDE_IN_FRAMEWORK_HEADER = YES;
				CLANG_WARN_RANGE_LOOP_ANALYSIS = YES;
				CLANG_WARN_STRICT_PROTOTYPES = YES;
				CLANG_WARN_SUSPICIOUS_MOVE = YES;
				CLANG_WARN_UNGUARDED_AVAILABILITY = YES_AGGRESSIVE;
				CLANG_WARN_UNREACHABLE_CODE = YES;
				CLANG_WARN__DUPLICATE_METHOD_MATCH = YES;
				COPY_PHASE_STRIP = NO;
				DEBUG_INFORMATION_FORMAT = "dwarf-with-dsym";
				ENABLE_NS_ASSERTIONS = NO;
				ENABLE_STRICT_OBJC_MSGSEND = YES;
				GCC_C_LANGUAGE_STANDARD = gnu11;
				GCC_NO_COMMON_BLOCKS = YES;
				GCC_WARN_64_TO_32_BIT_CONVERSION = YES;
				GCC_WARN_ABOUT_RETURN_TYPE = YES_ERROR;
				GCC_WARN_UNDECLARED_SELECTOR = YES;
				GCC_WARN_UNINITIALIZED_AUTOS = YES_AGGRESSIVE;
				GCC_WARN_UNUSED_FUNCTION = YES;
				GCC_WARN_UNUSED_VARIABLE = YES;
				IPHONEOS_DEPLOYMENT_TARGET = 16.4;
				MTL_ENABLE_DEBUG_INFO = NO;
				MTL_FAST_MATH = YES;
				SDKROOT = iphoneos;
				SWIFT_COMPILATION_MODE = wholemodule;
				SWIFT_OPTIMIZATION_LEVEL = "-O";
				VALIDATE_PRODUCT = YES;
			};
			name = Release;
		};
		426B01822A9E388A003C2B44 /* Debug */ = {
			isa = XCBuildConfiguration;
			buildSettings = {
				ASSETCATALOG_COMPILER_APPICON_NAME = AppIcon;
				ASSETCATALOG_COMPILER_GLOBAL_ACCENT_COLOR_NAME = AccentColor;
				CODE_SIGN_STYLE = Automatic;
				CURRENT_PROJECT_VERSION = 1;
				GENERATE_INFOPLIST_FILE = YES;
				INFOPLIST_FILE = getInfoNotesHuseby/Info.plist;
				INFOPLIST_KEY_UIApplicationSupportsIndirectInputEvents = YES;
				INFOPLIST_KEY_UILaunchStoryboardName = LaunchScreen;
				INFOPLIST_KEY_UIMainStoryboardFile = Main;
				INFOPLIST_KEY_UISupportedInterfaceOrientations_iPad = "UIInterfaceOrientationPortrait UIInterfaceOrientationPortraitUpsideDown UIInterfaceOrientationLandscapeLeft UIInterfaceOrientationLandscapeRight";
				INFOPLIST_KEY_UISupportedInterfaceOrientations_iPhone = "UIInterfaceOrientationPortrait UIInterfaceOrientationLandscapeLeft UIInterfaceOrientationLandscapeRight";
				LD_RUNPATH_SEARCH_PATHS = (
					"$(inherited)",
					"@executable_path/Frameworks",
				);
				MARKETING_VERSION = 1.0;
				PRODUCT_BUNDLE_IDENTIFIER = clc.getInfoNotesHuseby;
				PRODUCT_NAME = "$(TARGET_NAME)";
				SWIFT_EMIT_LOC_STRINGS = YES;
				SWIFT_VERSION = 5.0;
				TARGETED_DEVICE_FAMILY = "1,2";
			};
			name = Debug;
		};
		426B01832A9E388A003C2B44 /* Release */ = {
			isa = XCBuildConfiguration;
			buildSettings = {
				ASSETCATALOG_COMPILER_APPICON_NAME = AppIcon;
				ASSETCATALOG_COMPILER_GLOBAL_ACCENT_COLOR_NAME = AccentColor;
				CODE_SIGN_STYLE = Automatic;
				CURRENT_PROJECT_VERSION = 1;
				GENERATE_INFOPLIST_FILE = YES;
				INFOPLIST_FILE = getInfoNotesHuseby/Info.plist;
				INFOPLIST_KEY_UIApplicationSupportsIndirectInputEvents = YES;
				INFOPLIST_KEY_UILaunchStoryboardName = LaunchScreen;
				INFOPLIST_KEY_UIMainStoryboardFile = Main;
				INFOPLIST_KEY_UISupportedInterfaceOrientations_iPad = "UIInterfaceOrientationPortrait UIInterfaceOrientationPortraitUpsideDown UIInterfaceOrientationLandscapeLeft UIInterfaceOrientationLandscapeRight";
				INFOPLIST_KEY_UISupportedInterfaceOrientations_iPhone = "UIInterfaceOrientationPortrait UIInterfaceOrientationLandscapeLeft UIInterfaceOrientationLandscapeRight";
				LD_RUNPATH_SEARCH_PATHS = (
					"$(inherited)",
					"@executable_path/Frameworks",
				);
				MARKETING_VERSION = 1.0;
				PRODUCT_BUNDLE_IDENTIFIER = clc.getInfoNotesHuseby;
				PRODUCT_NAME = "$(TARGET_NAME)";
				SWIFT_EMIT_LOC_STRINGS = YES;
				SWIFT_VERSION = 5.0;
				TARGETED_DEVICE_FAMILY = "1,2";
			};
			name = Release;
		};
		426B01852A9E388A003C2B44 /* Debug */ = {
			isa = XCBuildConfiguration;
			buildSettings = {
				ALWAYS_EMBED_SWIFT_STANDARD_LIBRARIES = YES;
				BUNDLE_LOADER = "$(TEST_HOST)";
				CODE_SIGN_STYLE = Automatic;
				CURRENT_PROJECT_VERSION = 1;
				GENERATE_INFOPLIST_FILE = YES;
				IPHONEOS_DEPLOYMENT_TARGET = 16.4;
				MARKETING_VERSION = 1.0;
				PRODUCT_BUNDLE_IDENTIFIER = clc.getInfoNotesHusebyTests;
				PRODUCT_NAME = "$(TARGET_NAME)";
				SWIFT_EMIT_LOC_STRINGS = NO;
				SWIFT_VERSION = 5.0;
				TARGETED_DEVICE_FAMILY = "1,2";
				TEST_HOST = "$(BUILT_PRODUCTS_DIR)/getInfoNotesHuseby.app/$(BUNDLE_EXECUTABLE_FOLDER_PATH)/getInfoNotesHuseby";
			};
			name = Debug;
		};
		426B01862A9E388A003C2B44 /* Release */ = {
			isa = XCBuildConfiguration;
			buildSettings = {
				ALWAYS_EMBED_SWIFT_STANDARD_LIBRARIES = YES;
				BUNDLE_LOADER = "$(TEST_HOST)";
				CODE_SIGN_STYLE = Automatic;
				CURRENT_PROJECT_VERSION = 1;
				GENERATE_INFOPLIST_FILE = YES;
				IPHONEOS_DEPLOYMENT_TARGET = 16.4;
				MARKETING_VERSION = 1.0;
				PRODUCT_BUNDLE_IDENTIFIER = clc.getInfoNotesHusebyTests;
				PRODUCT_NAME = "$(TARGET_NAME)";
				SWIFT_EMIT_LOC_STRINGS = NO;
				SWIFT_VERSION = 5.0;
				TARGETED_DEVICE_FAMILY = "1,2";
				TEST_HOST = "$(BUILT_PRODUCTS_DIR)/getInfoNotesHuseby.app/$(BUNDLE_EXECUTABLE_FOLDER_PATH)/getInfoNotesHuseby";
			};
			name = Release;
		};
		426B01882A9E388A003C2B44 /* Debug */ = {
			isa = XCBuildConfiguration;
			buildSettings = {
				ALWAYS_EMBED_SWIFT_STANDARD_LIBRARIES = YES;
				CODE_SIGN_STYLE = Automatic;
				CURRENT_PROJECT_VERSION = 1;
				GENERATE_INFOPLIST_FILE = YES;
				MARKETING_VERSION = 1.0;
				PRODUCT_BUNDLE_IDENTIFIER = clc.getInfoNotesHusebyUITests;
				PRODUCT_NAME = "$(TARGET_NAME)";
				SWIFT_EMIT_LOC_STRINGS = NO;
				SWIFT_VERSION = 5.0;
				TARGETED_DEVICE_FAMILY = "1,2";
				TEST_TARGET_NAME = getInfoNotesHuseby;
			};
			name = Debug;
		};
		426B01892A9E388A003C2B44 /* Release */ = {
			isa = XCBuildConfiguration;
			buildSettings = {
				ALWAYS_EMBED_SWIFT_STANDARD_LIBRARIES = YES;
				CODE_SIGN_STYLE = Automatic;
				CURRENT_PROJECT_VERSION = 1;
				GENERATE_INFOPLIST_FILE = YES;
				MARKETING_VERSION = 1.0;
				PRODUCT_BUNDLE_IDENTIFIER = clc.getInfoNotesHusebyUITests;
				PRODUCT_NAME = "$(TARGET_NAME)";
				SWIFT_EMIT_LOC_STRINGS = NO;
				SWIFT_VERSION = 5.0;
				TARGETED_DEVICE_FAMILY = "1,2";
				TEST_TARGET_NAME = getInfoNotesHuseby;
			};
			name = Release;
		};
/* End XCBuildConfiguration section */

/* Begin XCConfigurationList section */
		426B014F2A9E3888003C2B44 /* Build configuration list for PBXProject "getInfoNotesHuseby" */ = {
			isa = XCConfigurationList;
			buildConfigurations = (
				426B017F2A9E388A003C2B44 /* Debug */,
				426B01802A9E388A003C2B44 /* Release */,
			);
			defaultConfigurationIsVisible = 0;
			defaultConfigurationName = Release;
		};
		426B01812A9E388A003C2B44 /* Build configuration list for PBXNativeTarget "getInfoNotesHuseby" */ = {
			isa = XCConfigurationList;
			buildConfigurations = (
				426B01822A9E388A003C2B44 /* Debug */,
				426B01832A9E388A003C2B44 /* Release */,
			);
			defaultConfigurationIsVisible = 0;
			defaultConfigurationName = Release;
		};
		426B01842A9E388A003C2B44 /* Build configuration list for PBXNativeTarget "getInfoNotesHusebyTests" */ = {
			isa = XCConfigurationList;
			buildConfigurations = (
				426B01852A9E388A003C2B44 /* Debug */,
				426B01862A9E388A003C2B44 /* Release */,
			);
			defaultConfigurationIsVisible = 0;
			defaultConfigurationName = Release;
		};
		426B01872A9E388A003C2B44 /* Build configuration list for PBXNativeTarget "getInfoNotesHusebyUITests" */ = {
			isa = XCConfigurationList;
			buildConfigurations = (
				426B01882A9E388A003C2B44 /* Debug */,
				426B01892A9E388A003C2B44 /* Release */,
			);
			defaultConfigurationIsVisible = 0;
			defaultConfigurationName = Release;
		};
/* End XCConfigurationList section */

/* Begin XCVersionGroup section */
		426B01602A9E3888003C2B44 /* getInfoNotesHuseby.xcdatamodeld */ = {
			isa = XCVersionGroup;
			children = (
				426B01612A9E3888003C2B44 /* getInfoNotesHuseby.xcdatamodel */,
			);
			currentVersion = 426B01612A9E3888003C2B44 /* getInfoNotesHuseby.xcdatamodel */;
			path = getInfoNotesHuseby.xcdatamodeld;
			sourceTree = "<group>";
			versionGroupType = wrapper.xcdatamodel;
		};
/* End XCVersionGroup section */
	};
	rootObject = 426B014C2A9E3888003C2B44 /* Project object */;
}
